
Microsoft Visual Studio Solution File, Format Version 12.00
# Visual Studio Version 17
VisualStudioVersion = 17.8.34511.84
MinimumVisualStudioVersion = 10.0.40219.1
Project("{9A19103F-16F7-4668-BE54-9A1E7A4F7556}") = "Demo.OpenAI.Functions.Extensions", "src\Demo.OpenAI.Functions.Extensions\Demo.OpenAI.Functions.Extensions.csproj", "{73FD2C9E-12C2-499F-9290-4B92C80C3417}"
EndProject
Project("{2150E333-8FDC-42A3-9474-1A3956D46DE8}") = "src", "src", "{7566A993-3A36-44C7-A853-63C40D18AD39}"
EndProject
Global
	GlobalSection(SolutionConfigurationPlatforms) = preSolution
		Debug|Any CPU = Debug|Any CPU
		Release|Any CPU = Release|Any CPU
	EndGlobalSection
	GlobalSection(ProjectConfigurationPlatforms) = postSolution
		{73FD2C9E-12C2-499F-9290-4B92C80C3417}.Debug|Any CPU.ActiveCfg = Debug|Any CPU
		{73FD2C9E-12C2-499F-9290-4B92C80C3417}.Debug|Any CPU.Build.0 = Debug|Any CPU
		{73FD2C9E-12C2-499F-9290-4B92C80C3417}.Release|Any CPU.ActiveCfg = Release|Any CPU
		{73FD2C9E-12C2-499F-9290-4B92C80C3417}.Release|Any CPU.Build.0 = Release|Any CPU
	EndGlobalSection
	GlobalSection(SolutionProperties) = preSolution
		HideSolutionNode = FALSE
	EndGlobalSection
	GlobalSection(NestedProjects) = preSolution
		{73FD2C9E-12C2-499F-9290-4B92C80C3417} = {7566A993-3A36-44C7-A853-63C40D18AD39}
	EndGlobalSection
	GlobalSection(ExtensibilityGlobals) = postSolution
		SolutionGuid = {56DAF370-C7CD-41E6-9009-A566E4891C3B}
	EndGlobalSection
EndGlobal
